
Microsoft Visual Studio Solution File, Format Version 12.00
# Visual Studio Version 16
VisualStudioVersion = 16.0.29123.89
MinimumVisualStudioVersion = 10.0.40219.1
Project("{9A19103F-16F7-4668-BE54-9A1E7A4F7556}") = "LinuxCmd.Net", "LinuxCmd.Net\LinuxCmd.Net.csproj", "{8C937573-7E0C-4CF8-918F-D8B9F01F2370}"
EndProject
Project("{9A19103F-16F7-4668-BE54-9A1E7A4F7556}") = "LinuxCmd.Net.ZTest", "LinuxCmd.Net.ZTest\LinuxCmd.Net.ZTest.csproj", "{2FF9A1A4-8BDF-4C4B-B650-51E7A1FF86EC}"
EndProject
Project("{9A19103F-16F7-4668-BE54-9A1E7A4F7556}") = "LinuxCmd.Net.NetWork", "LinuxCmd.Net.NetWork\LinuxCmd.Net.NetWork.csproj", "{23D500C8-7E45-4043-BB37-1ADB0C092DEE}"
EndProject
Project("{9A19103F-16F7-4668-BE54-9A1E7A4F7556}") = "LinuxCmd.Net.NetWork.Test", "LinuxCmd.Net.NetWork.Test\LinuxCmd.Net.NetWork.Test.csproj", "{2F119B39-E05E-475C-9481-FBD4522780A7}"
EndProject
Project("{9A19103F-16F7-4668-BE54-9A1E7A4F7556}") = "Cowboy.Sockets.Core", "Cowboy.Sockets.Core\Cowboy.Sockets.Core.csproj", "{5DC72C7D-FCCD-4B86-8677-D905BBC05D26}"
EndProject
Global
	GlobalSection(SolutionConfigurationPlatforms) = preSolution
		Debug|Any CPU = Debug|Any CPU
		Release|Any CPU = Release|Any CPU
	EndGlobalSection
	GlobalSection(ProjectConfigurationPlatforms) = postSolution
		{8C937573-7E0C-4CF8-918F-D8B9F01F2370}.Debug|Any CPU.ActiveCfg = Debug|Any CPU
		{8C937573-7E0C-4CF8-918F-D8B9F01F2370}.Debug|Any CPU.Build.0 = Debug|Any CPU
		{8C937573-7E0C-4CF8-918F-D8B9F01F2370}.Release|Any CPU.ActiveCfg = Release|Any CPU
		{8C937573-7E0C-4CF8-918F-D8B9F01F2370}.Release|Any CPU.Build.0 = Release|Any CPU
		{2FF9A1A4-8BDF-4C4B-B650-51E7A1FF86EC}.Debug|Any CPU.ActiveCfg = Debug|Any CPU
		{2FF9A1A4-8BDF-4C4B-B650-51E7A1FF86EC}.Debug|Any CPU.Build.0 = Debug|Any CPU
		{2FF9A1A4-8BDF-4C4B-B650-51E7A1FF86EC}.Release|Any CPU.ActiveCfg = Release|Any CPU
		{2FF9A1A4-8BDF-4C4B-B650-51E7A1FF86EC}.Release|Any CPU.Build.0 = Release|Any CPU
		{23D500C8-7E45-4043-BB37-1ADB0C092DEE}.Debug|Any CPU.ActiveCfg = Debug|Any CPU
		{23D500C8-7E45-4043-BB37-1ADB0C092DEE}.Debug|Any CPU.Build.0 = Debug|Any CPU
		{23D500C8-7E45-4043-BB37-1ADB0C092DEE}.Release|Any CPU.ActiveCfg = Release|Any CPU
		{23D500C8-7E45-4043-BB37-1ADB0C092DEE}.Release|Any CPU.Build.0 = Release|Any CPU
		{2F119B39-E05E-475C-9481-FBD4522780A7}.Debug|Any CPU.ActiveCfg = Debug|Any CPU
		{2F119B39-E05E-475C-9481-FBD4522780A7}.Debug|Any CPU.Build.0 = Debug|Any CPU
		{2F119B39-E05E-475C-9481-FBD4522780A7}.Release|Any CPU.ActiveCfg = Release|Any CPU
		{2F119B39-E05E-475C-9481-FBD4522780A7}.Release|Any CPU.Build.0 = Release|Any CPU
		{5DC72C7D-FCCD-4B86-8677-D905BBC05D26}.Debug|Any CPU.ActiveCfg = Debug|Any CPU
		{5DC72C7D-FCCD-4B86-8677-D905BBC05D26}.Debug|Any CPU.Build.0 = Debug|Any CPU
		{5DC72C7D-FCCD-4B86-8677-D905BBC05D26}.Release|Any CPU.ActiveCfg = Release|Any CPU
		{5DC72C7D-FCCD-4B86-8677-D905BBC05D26}.Release|Any CPU.Build.0 = Release|Any CPU
	EndGlobalSection
	GlobalSection(SolutionProperties) = preSolution
		HideSolutionNode = FALSE
	EndGlobalSection
	GlobalSection(ExtensibilityGlobals) = postSolution
		SolutionGuid = {8471E2AF-AABB-417A-AECB-A13680E85372}
	EndGlobalSection
EndGlobal
